<?xml version="1.0" encoding="utf-8"?>
<Project ToolsVersion="4.0" xmlns="http://schemas.microsoft.com/developer/msbuild/2003">
  <ItemGroup>
    <Filter Include="Source Files">
      <UniqueIdentifier>{4FC737F1-C7A5-4376-A066-2A32D752A2FF}</UniqueIdentifier>
      <Extensions>cpp;c;cc;cxx;c++;cppm;ixx;def;odl;idl;hpj;bat;asm;asmx</Extensions>
    </Filter>
    <Filter Include="Source Files\Settings">
      <UniqueIdentifier>{a8c46516-fd49-4685-8baa-62787860ac38}</UniqueIdentifier>
    </Filter>
    <Filter Include="Source Files\Global Enums">
      <UniqueIdentifier>{22aa8bf4-8f3b-4409-bb62-7979c4ca479f}</UniqueIdentifier>
    </Filter>
    <Filter Include="Source Files\Level">
      <UniqueIdentifier>{435723c3-e650-4768-b0d4-e5d2d6b9fe8c}</UniqueIdentifier>
    </Filter>
    <Filter Include="Source Files\Level\Tile">
      <UniqueIdentifier>{4f853ade-63ab-479f-8b64-c4874204dfc0}</UniqueIdentifier>
    </Filter>
  </ItemGroup>
  <ItemGroup>
    <None Include="packages.config" />
  </ItemGroup>
  <ItemGroup>
    <ClCompile Include="main.cpp">
      <Filter>Source Files</Filter>
    </ClCompile>
    <ClCompile Include="Level.cpp">
      <Filter>Source Files\Level</Filter>
    </ClCompile>
  </ItemGroup>
  <ItemGroup>
    <ClInclude Include="Settings.h">
      <Filter>Source Files\Settings</Filter>
    </ClInclude>
    <ClInclude Include="Screens.h">
      <Filter>Source Files\Global Enums</Filter>
    </ClInclude>
    <ClInclude Include="Level.h">
      <Filter>Source Files\Level</Filter>
    </ClInclude>
    <ClInclude Include="TileTypes.h">
      <Filter>Source Files\Global Enums</Filter>
    </ClInclude>
    <ClInclude Include="BaseTileClass.h">
      <Filter>Source Files\Level\Tile</Filter>
    </ClInclude>
  </ItemGroup>
</Project>